
Microsoft Visual Studio Solution File, Format Version 12.00
# Visual Studio 15
VisualStudioVersion = 15.0.26124.0
MinimumVisualStudioVersion = 15.0.26124.0
Project("{FAE04EC0-301F-11D3-BF4B-00C04F79EFBC}") = "InputFile", "InputFile\InputFile.csproj", "{F8E02220-D07D-49B1-93F6-F54221E66B63}"
EndProject
Project("{FAE04EC0-301F-11D3-BF4B-00C04F79EFBC}") = "InputFile.Test", "InputFile.Test\InputFile.Test.csproj", "{4204B07A-2999-49DB-BDC4-41F927CB70F6}"
EndProject
Global
	GlobalSection(SolutionConfigurationPlatforms) = preSolution
		Debug|Any CPU = Debug|Any CPU
		Debug|x64 = Debug|x64
		Debug|x86 = Debug|x86
		Release|Any CPU = Release|Any CPU
		Release|x64 = Release|x64
		Release|x86 = Release|x86
	EndGlobalSection
	GlobalSection(SolutionProperties) = preSolution
		HideSolutionNode = FALSE
	EndGlobalSection
	GlobalSection(ProjectConfigurationPlatforms) = postSolution
		{F8E02220-D07D-49B1-93F6-F54221E66B63}.Debug|Any CPU.ActiveCfg = Debug|Any CPU
		{F8E02220-D07D-49B1-93F6-F54221E66B63}.Debug|Any CPU.Build.0 = Debug|Any CPU
		{F8E02220-D07D-49B1-93F6-F54221E66B63}.Debug|x64.ActiveCfg = Debug|Any CPU
		{F8E02220-D07D-49B1-93F6-F54221E66B63}.Debug|x64.Build.0 = Debug|Any CPU
		{F8E02220-D07D-49B1-93F6-F54221E66B63}.Debug|x86.ActiveCfg = Debug|Any CPU
		{F8E02220-D07D-49B1-93F6-F54221E66B63}.Debug|x86.Build.0 = Debug|Any CPU
		{F8E02220-D07D-49B1-93F6-F54221E66B63}.Release|Any CPU.ActiveCfg = Release|Any CPU
		{F8E02220-D07D-49B1-93F6-F54221E66B63}.Release|Any CPU.Build.0 = Release|Any CPU
		{F8E02220-D07D-49B1-93F6-F54221E66B63}.Release|x64.ActiveCfg = Release|Any CPU
		{F8E02220-D07D-49B1-93F6-F54221E66B63}.Release|x64.Build.0 = Release|Any CPU
		{F8E02220-D07D-49B1-93F6-F54221E66B63}.Release|x86.ActiveCfg = Release|Any CPU
		{F8E02220-D07D-49B1-93F6-F54221E66B63}.Release|x86.Build.0 = Release|Any CPU
		{4204B07A-2999-49DB-BDC4-41F927CB70F6}.Debug|Any CPU.ActiveCfg = Debug|Any CPU
		{4204B07A-2999-49DB-BDC4-41F927CB70F6}.Debug|Any CPU.Build.0 = Debug|Any CPU
		{4204B07A-2999-49DB-BDC4-41F927CB70F6}.Debug|x64.ActiveCfg = Debug|Any CPU
		{4204B07A-2999-49DB-BDC4-41F927CB70F6}.Debug|x64.Build.0 = Debug|Any CPU
		{4204B07A-2999-49DB-BDC4-41F927CB70F6}.Debug|x86.ActiveCfg = Debug|Any CPU
		{4204B07A-2999-49DB-BDC4-41F927CB70F6}.Debug|x86.Build.0 = Debug|Any CPU
		{4204B07A-2999-49DB-BDC4-41F927CB70F6}.Release|Any CPU.ActiveCfg = Release|Any CPU
		{4204B07A-2999-49DB-BDC4-41F927CB70F6}.Release|Any CPU.Build.0 = Release|Any CPU
		{4204B07A-2999-49DB-BDC4-41F927CB70F6}.Release|x64.ActiveCfg = Release|Any CPU
		{4204B07A-2999-49DB-BDC4-41F927CB70F6}.Release|x64.Build.0 = Release|Any CPU
		{4204B07A-2999-49DB-BDC4-41F927CB70F6}.Release|x86.ActiveCfg = Release|Any CPU
		{4204B07A-2999-49DB-BDC4-41F927CB70F6}.Release|x86.Build.0 = Release|Any CPU
	EndGlobalSection
EndGlobal
